// !$*UTF8*$!
{
	archiveVersion = 1;
	classes = {
	};
	objectVersion = 56;
	objects = {

/* Begin PBXBuildFile section */
		B16FC9322BF7F83400C227A5 /* BrastlewarkAppApp.swift in Sources */ = {isa = PBXBuildFile; fileRef = B16FC9312BF7F83400C227A5 /* BrastlewarkAppApp.swift */; };
		B16FC9342BF7F83400C227A5 /* ContentView.swift in Sources */ = {isa = PBXBuildFile; fileRef = B16FC9332BF7F83400C227A5 /* ContentView.swift */; };
		B16FC9362BF7F83600C227A5 /* Assets.xcassets in Resources */ = {isa = PBXBuildFile; fileRef = B16FC9352BF7F83600C227A5 /* Assets.xcassets */; };
		B16FC9392BF7F83600C227A5 /* Preview Assets.xcassets in Resources */ = {isa = PBXBuildFile; fileRef = B16FC9382BF7F83600C227A5 /* Preview Assets.xcassets */; };
		B16FC9402BF80F2A00C227A5 /* APIClient.swift in Sources */ = {isa = PBXBuildFile; fileRef = B16FC93F2BF80F2A00C227A5 /* APIClient.swift */; };
		B16FC9432BF80F8900C227A5 /* Model.swift in Sources */ = {isa = PBXBuildFile; fileRef = B16FC9422BF80F8900C227A5 /* Model.swift */; };
		B16FC9462BF80FCA00C227A5 /* ViewModel.swift in Sources */ = {isa = PBXBuildFile; fileRef = B16FC9452BF80FCA00C227A5 /* ViewModel.swift */; };
		B16FC9482BF8100100C227A5 /* HomeView.swift in Sources */ = {isa = PBXBuildFile; fileRef = B16FC9472BF8100100C227A5 /* HomeView.swift */; };
		B16FC94A2BF8119700C227A5 /* PerfilView.swift in Sources */ = {isa = PBXBuildFile; fileRef = B16FC9492BF8119700C227A5 /* PerfilView.swift */; };
		B16FC94C2BF8269E00C227A5 /* SearchView.swift in Sources */ = {isa = PBXBuildFile; fileRef = B16FC94B2BF8269E00C227A5 /* SearchView.swift */; };
		B16FC94E2BF839EE00C227A5 /* SearchBarView.swift in Sources */ = {isa = PBXBuildFile; fileRef = B16FC94D2BF839EE00C227A5 /* SearchBarView.swift */; };
		B16FC9522BF93C5600C227A5 /* Kingfisher in Frameworks */ = {isa = PBXBuildFile; productRef = B16FC9512BF93C5600C227A5 /* Kingfisher */; };
		B16FC9562BFADF5F00C227A5 /* FriendList.swift in Sources */ = {isa = PBXBuildFile; fileRef = B16FC9552BFADF5F00C227A5 /* FriendList.swift */; };
/* End PBXBuildFile section */

/* Begin PBXFileReference section */
		B16FC92E2BF7F83400C227A5 /* BrastlewarkApp.app */ = {isa = PBXFileReference; explicitFileType = wrapper.application; includeInIndex = 0; path = BrastlewarkApp.app; sourceTree = BUILT_PRODUCTS_DIR; };
		B16FC9312BF7F83400C227A5 /* BrastlewarkAppApp.swift */ = {isa = PBXFileReference; lastKnownFileType = sourcecode.swift; path = BrastlewarkAppApp.swift; sourceTree = "<group>"; };
		B16FC9332BF7F83400C227A5 /* ContentView.swift */ = {isa = PBXFileReference; lastKnownFileType = sourcecode.swift; path = ContentView.swift; sourceTree = "<group>"; };
		B16FC9352BF7F83600C227A5 /* Assets.xcassets */ = {isa = PBXFileReference; lastKnownFileType = folder.assetcatalog; path = Assets.xcassets; sourceTree = "<group>"; };
		B16FC9382BF7F83600C227A5 /* Preview Assets.xcassets */ = {isa = PBXFileReference; lastKnownFileType = folder.assetcatalog; path = "Preview Assets.xcassets"; sourceTree = "<group>"; };
		B16FC93F2BF80F2A00C227A5 /* APIClient.swift */ = {isa = PBXFileReference; lastKnownFileType = sourcecode.swift; path = APIClient.swift; sourceTree = "<group>"; };
		B16FC9422BF80F8900C227A5 /* Model.swift */ = {isa = PBXFileReference; lastKnownFileType = sourcecode.swift; path = Model.swift; sourceTree = "<group>"; };
		B16FC9452BF80FCA00C227A5 /* ViewModel.swift */ = {isa = PBXFileReference; lastKnownFileType = sourcecode.swift; path = ViewModel.swift; sourceTree = "<group>"; };
		B16FC9472BF8100100C227A5 /* HomeView.swift */ = {isa = PBXFileReference; lastKnownFileType = sourcecode.swift; path = HomeView.swift; sourceTree = "<group>"; };
		B16FC9492BF8119700C227A5 /* PerfilView.swift */ = {isa = PBXFileReference; lastKnownFileType = sourcecode.swift; path = PerfilView.swift; sourceTree = "<group>"; };
		B16FC94B2BF8269E00C227A5 /* SearchView.swift */ = {isa = PBXFileReference; lastKnownFileType = sourcecode.swift; path = SearchView.swift; sourceTree = "<group>"; };
		B16FC94D2BF839EE00C227A5 /* SearchBarView.swift */ = {isa = PBXFileReference; lastKnownFileType = sourcecode.swift; path = SearchBarView.swift; sourceTree = "<group>"; };
		B16FC9552BFADF5F00C227A5 /* FriendList.swift */ = {isa = PBXFileReference; lastKnownFileType = sourcecode.swift; path = FriendList.swift; sourceTree = "<group>"; };
/* End PBXFileReference section */

/* Begin PBXFrameworksBuildPhase section */
		B16FC92B2BF7F83400C227A5 /* Frameworks */ = {
			isa = PBXFrameworksBuildPhase;
			buildActionMask = 2147483647;
			files = (
				B16FC9522BF93C5600C227A5 /* Kingfisher in Frameworks */,
			);
			runOnlyForDeploymentPostprocessing = 0;
		};
/* End PBXFrameworksBuildPhase section */

/* Begin PBXGroup section */
		B16FC9252BF7F83400C227A5 = {
			isa = PBXGroup;
			children = (
				B16FC9302BF7F83400C227A5 /* BrastlewarkApp */,
				B16FC92F2BF7F83400C227A5 /* Products */,
			);
			sourceTree = "<group>";
		};
		B16FC92F2BF7F83400C227A5 /* Products */ = {
			isa = PBXGroup;
			children = (
				B16FC92E2BF7F83400C227A5 /* BrastlewarkApp.app */,
			);
			name = Products;
			sourceTree = "<group>";
		};
		B16FC9302BF7F83400C227A5 /* BrastlewarkApp */ = {
			isa = PBXGroup;
			children = (
				B16FC9312BF7F83400C227A5 /* BrastlewarkAppApp.swift */,
				B16FC9332BF7F83400C227A5 /* ContentView.swift */,
				B16FC9352BF7F83600C227A5 /* Assets.xcassets */,
				B16FC9372BF7F83600C227A5 /* Preview Content */,
				B16FC9442BF80F9000C227A5 /* Modules */,
				B16FC94F2BF93B4600C227A5 /* Views */,
				B16FC9412BF80F3200C227A5 /* Network */,
			);
			path = BrastlewarkApp;
			sourceTree = "<group>";
		};
		B16FC9372BF7F83600C227A5 /* Preview Content */ = {
			isa = PBXGroup;
			children = (
				B16FC9382BF7F83600C227A5 /* Preview Assets.xcassets */,
			);
			path = "Preview Content";
			sourceTree = "<group>";
		};
		B16FC9412BF80F3200C227A5 /* Network */ = {
			isa = PBXGroup;
			children = (
				B16FC93F2BF80F2A00C227A5 /* APIClient.swift */,
				B16FC9422BF80F8900C227A5 /* Model.swift */,
			);
			path = Network;
			sourceTree = "<group>";
		};
		B16FC9442BF80F9000C227A5 /* Modules */ = {
			isa = PBXGroup;
			children = (
				B16FC9452BF80FCA00C227A5 /* ViewModel.swift */,
			);
			path = Modules;
			sourceTree = "<group>";
		};
		B16FC94F2BF93B4600C227A5 /* Views */ = {
			isa = PBXGroup;
			children = (
				B16FC9472BF8100100C227A5 /* HomeView.swift */,
				B16FC94D2BF839EE00C227A5 /* SearchBarView.swift */,
				B16FC94B2BF8269E00C227A5 /* SearchView.swift */,
				B16FC9492BF8119700C227A5 /* PerfilView.swift */,
				B16FC9552BFADF5F00C227A5 /* FriendList.swift */,
			);
			path = Views;
			sourceTree = "<group>";
		};
/* End PBXGroup section */

/* Begin PBXNativeTarget section */
		B16FC92D2BF7F83400C227A5 /* BrastlewarkApp */ = {
			isa = PBXNativeTarget;
			buildConfigurationList = B16FC93C2BF7F83600C227A5 /* Build configuration list for PBXNativeTarget "BrastlewarkApp" */;
			buildPhases = (
				B16FC92A2BF7F83400C227A5 /* Sources */,
				B16FC92B2BF7F83400C227A5 /* Frameworks */,
				B16FC92C2BF7F83400C227A5 /* Resources */,
			);
			buildRules = (
			);
			dependencies = (
			);
			name = BrastlewarkApp;
			packageProductDependencies = (
				B16FC9512BF93C5600C227A5 /* Kingfisher */,
			);
			productName = BrastlewarkApp;
			productReference = B16FC92E2BF7F83400C227A5 /* BrastlewarkApp.app */;
			productType = "com.apple.product-type.application";
		};
/* End PBXNativeTarget section */

/* Begin PBXProject section */
		B16FC9262BF7F83400C227A5 /* Project object */ = {
			isa = PBXProject;
			attributes = {
				BuildIndependentTargetsInParallel = 1;
				LastSwiftUpdateCheck = 1540;
				LastUpgradeCheck = 1540;
				TargetAttributes = {
					B16FC92D2BF7F83400C227A5 = {
						CreatedOnToolsVersion = 15.4;
					};
				};
			};
			buildConfigurationList = B16FC9292BF7F83400C227A5 /* Build configuration list for PBXProject "BrastlewarkApp" */;
			compatibilityVersion = "Xcode 14.0";
			developmentRegion = en;
			hasScannedForEncodings = 0;
			knownRegions = (
				en,
				Base,
			);
			mainGroup = B16FC9252BF7F83400C227A5;
			packageReferences = (
				B16FC9502BF93C5600C227A5 /* XCRemoteSwiftPackageReference "KINGFISHER" */,
			);
			productRefGroup = B16FC92F2BF7F83400C227A5 /* Products */;
			projectDirPath = "";
			projectRoot = "";
			targets = (
				B16FC92D2BF7F83400C227A5 /* BrastlewarkApp */,
			);
		};
/* End PBXProject section */

/* Begin PBXResourcesBuildPhase section */
		B16FC92C2BF7F83400C227A5 /* Resources */ = {
			isa = PBXResourcesBuildPhase;
			buildActionMask = 2147483647;
			files = (
				B16FC9392BF7F83600C227A5 /* Preview Assets.xcassets in Resources */,
				B16FC9362BF7F83600C227A5 /* Assets.xcassets in Resources */,
			);
			runOnlyForDeploymentPostprocessing = 0;
		};
/* End PBXResourcesBuildPhase section */

/* Begin PBXSourcesBuildPhase section */
		B16FC92A2BF7F83400C227A5 /* Sources */ = {
			isa = PBXSourcesBuildPhase;
			buildActionMask = 2147483647;
			files = (
				B16FC9462BF80FCA00C227A5 /* ViewModel.swift in Sources */,
				B16FC9562BFADF5F00C227A5 /* FriendList.swift in Sources */,
				B16FC94E2BF839EE00C227A5 /* SearchBarView.swift in Sources */,
				B16FC94A2BF8119700C227A5 /* PerfilView.swift in Sources */,
				B16FC9342BF7F83400C227A5 /* ContentView.swift in Sources */,
				B16FC9322BF7F83400C227A5 /* BrastlewarkAppApp.swift in Sources */,
				B16FC94C2BF8269E00C227A5 /* SearchView.swift in Sources */,
				B16FC9482BF8100100C227A5 /* HomeView.swift in Sources */,
				B16FC9402BF80F2A00C227A5 /* APIClient.swift in Sources */,
				B16FC9432BF80F8900C227A5 /* Model.swift in Sources */,
			);
			runOnlyForDeploymentPostprocessing = 0;
		};
/* End PBXSourcesBuildPhase section */

/* Begin XCBuildConfiguration section */
		B16FC93A2BF7F83600C227A5 /* Debug */ = {
			isa = XCBuildConfiguration;
			buildSettings = {
				ALWAYS_SEARCH_USER_PATHS = NO;
				ASSETCATALOG_COMPILER_GENERATE_SWIFT_ASSET_SYMBOL_EXTENSIONS = YES;
				CLANG_ANALYZER_NONNULL = YES;
				CLANG_ANALYZER_NUMBER_OBJECT_CONVERSION = YES_AGGRESSIVE;
				CLANG_CXX_LANGUAGE_STANDARD = "gnu++20";
				CLANG_ENABLE_MODULES = YES;
				CLANG_ENABLE_OBJC_ARC = YES;
				CLANG_ENABLE_OBJC_WEAK = YES;
				CLANG_WARN_BLOCK_CAPTURE_AUTORELEASING = YES;
				CLANG_WARN_BOOL_CONVERSION = YES;
				CLANG_WARN_COMMA = YES;
				CLANG_WARN_CONSTANT_CONVERSION = YES;
				CLANG_WARN_DEPRECATED_OBJC_IMPLEMENTATIONS = YES;
				CLANG_WARN_DIRECT_OBJC_ISA_USAGE = YES_ERROR;
				CLANG_WARN_DOCUMENTATION_COMMENTS = YES;
				CLANG_WARN_EMPTY_BODY = YES;
				CLANG_WARN_ENUM_CONVERSION = YES;
				CLANG_WARN_INFINITE_RECURSION = YES;
				CLANG_WARN_INT_CONVERSION = YES;
				CLANG_WARN_NON_LITERAL_NULL_CONVERSION = YES;
				CLANG_WARN_OBJC_IMPLICIT_RETAIN_SELF = YES;
				CLANG_WARN_OBJC_LITERAL_CONVERSION = YES;
				CLANG_WARN_OBJC_ROOT_CLASS = YES_ERROR;
				CLANG_WARN_QUOTED_INCLUDE_IN_FRAMEWORK_HEADER = YES;
				CLANG_WARN_RANGE_LOOP_ANALYSIS = YES;
				CLANG_WARN_STRICT_PROTOTYPES = YES;
				CLANG_WARN_SUSPICIOUS_MOVE = YES;
				CLANG_WARN_UNGUARDED_AVAILABILITY = YES_AGGRESSIVE;
				CLANG_WARN_UNREACHABLE_CODE = YES;
				CLANG_WARN__DUPLICATE_METHOD_MATCH = YES;
				COPY_PHASE_STRIP = NO;
				DEBUG_INFORMATION_FORMAT = dwarf;
				ENABLE_STRICT_OBJC_MSGSEND = YES;
				ENABLE_TESTABILITY = YES;
				ENABLE_USER_SCRIPT_SANDBOXING = YES;
				GCC_C_LANGUAGE_STANDARD = gnu17;
				GCC_DYNAMIC_NO_PIC = NO;
				GCC_NO_COMMON_BLOCKS = YES;
				GCC_OPTIMIZATION_LEVEL = 0;
				GCC_PREPROCESSOR_DEFINITIONS = (
					"DEBUG=1",
					"$(inherited)",
				);
				GCC_WARN_64_TO_32_BIT_CONVERSION = YES;
				GCC_WARN_ABOUT_RETURN_TYPE = YES_ERROR;
				GCC_WARN_UNDECLARED_SELECTOR = YES;
				GCC_WARN_UNINITIALIZED_AUTOS = YES_AGGRESSIVE;
				GCC_WARN_UNUSED_FUNCTION = YES;
				GCC_WARN_UNUSED_VARIABLE = YES;
				IPHONEOS_DEPLOYMENT_TARGET = 17.5;
				LOCALIZATION_PREFERS_STRING_CATALOGS = YES;
				MTL_ENABLE_DEBUG_INFO = INCLUDE_SOURCE;
				MTL_FAST_MATH = YES;
				ONLY_ACTIVE_ARCH = YES;
				SDKROOT = iphoneos;
				SWIFT_ACTIVE_COMPILATION_CONDITIONS = "DEBUG $(inherited)";
				SWIFT_OPTIMIZATION_LEVEL = "-Onone";
			};
			name = Debug;
		};
		B16FC93B2BF7F83600C227A5 /* Release */ = {
			isa = XCBuildConfiguration;
			buildSettings = {
				ALWAYS_SEARCH_USER_PATHS = NO;
				ASSETCATALOG_COMPILER_GENERATE_SWIFT_ASSET_SYMBOL_EXTENSIONS = YES;
				CLANG_ANALYZER_NONNULL = YES;
				CLANG_ANALYZER_NUMBER_OBJECT_CONVERSION = YES_AGGRESSIVE;
				CLANG_CXX_LANGUAGE_STANDARD = "gnu++20";
				CLANG_ENABLE_MODULES = YES;
				CLANG_ENABLE_OBJC_ARC = YES;
				CLANG_ENABLE_OBJC_WEAK = YES;
				CLANG_WARN_BLOCK_CAPTURE_AUTORELEASING = YES;
				CLANG_WARN_BOOL_CONVERSION = YES;
				CLANG_WARN_COMMA = YES;
				CLANG_WARN_CONSTANT_CONVERSION = YES;
				CLANG_WARN_DEPRECATED_OBJC_IMPLEMENTATIONS = YES;
				CLANG_WARN_DIRECT_OBJC_ISA_USAGE = YES_ERROR;
				CLANG_WARN_DOCUMENTATION_COMMENTS = YES;
				CLANG_WARN_EMPTY_BODY = YES;
				CLANG_WARN_ENUM_CONVERSION = YES;
				CLANG_WARN_INFINITE_RECURSION = YES;
				CLANG_WARN_INT_CONVERSION = YES;
				CLANG_WARN_NON_LITERAL_NULL_CONVERSION = YES;
				CLANG_WARN_OBJC_IMPLICIT_RETAIN_SELF = YES;
				CLANG_WARN_OBJC_LITERAL_CONVERSION = YES;
				CLANG_WARN_OBJC_ROOT_CLASS = YES_ERROR;
				CLANG_WARN_QUOTED_INCLUDE_IN_FRAMEWORK_HEADER = YES;
				CLANG_WARN_RANGE_LOOP_ANALYSIS = YES;
				CLANG_WARN_STRICT_PROTOTYPES = YES;
				CLANG_WARN_SUSPICIOUS_MOVE = YES;
				CLANG_WARN_UNGUARDED_AVAILABILITY = YES_AGGRESSIVE;
				CLANG_WARN_UNREACHABLE_CODE = YES;
				CLANG_WARN__DUPLICATE_METHOD_MATCH = YES;
				COPY_PHASE_STRIP = NO;
				DEBUG_INFORMATION_FORMAT = "dwarf-with-dsym";
				ENABLE_NS_ASSERTIONS = NO;
				ENABLE_STRICT_OBJC_MSGSEND = YES;
				ENABLE_USER_SCRIPT_SANDBOXING = YES;
				GCC_C_LANGUAGE_STANDARD = gnu17;
				GCC_NO_COMMON_BLOCKS = YES;
				GCC_WARN_64_TO_32_BIT_CONVERSION = YES;
				GCC_WARN_ABOUT_RETURN_TYPE = YES_ERROR;
				GCC_WARN_UNDECLARED_SELECTOR = YES;
				GCC_WARN_UNINITIALIZED_AUTOS = YES_AGGRESSIVE;
				GCC_WARN_UNUSED_FUNCTION = YES;
				GCC_WARN_UNUSED_VARIABLE = YES;
				IPHONEOS_DEPLOYMENT_TARGET = 17.5;
				LOCALIZATION_PREFERS_STRING_CATALOGS = YES;
				MTL_ENABLE_DEBUG_INFO = NO;
				MTL_FAST_MATH = YES;
				SDKROOT = iphoneos;
				SWIFT_COMPILATION_MODE = wholemodule;
				VALIDATE_PRODUCT = YES;
			};
			name = Release;
		};
		B16FC93D2BF7F83600C227A5 /* Debug */ = {
			isa = XCBuildConfiguration;
			buildSettings = {
				ASSETCATALOG_COMPILER_APPICON_NAME = AppIcon;
				ASSETCATALOG_COMPILER_GLOBAL_ACCENT_COLOR_NAME = AccentColor;
				CODE_SIGN_STYLE = Automatic;
				CURRENT_PROJECT_VERSION = 1;
				DEVELOPMENT_ASSET_PATHS = "\"BrastlewarkApp/Preview Content\"";
				DEVELOPMENT_TEAM = Y58F24X2VN;
				ENABLE_PREVIEWS = YES;
				GENERATE_INFOPLIST_FILE = YES;
				INFOPLIST_KEY_UIApplicationSceneManifest_Generation = YES;
				INFOPLIST_KEY_UIApplicationSupportsIndirectInputEvents = YES;
				INFOPLIST_KEY_UILaunchScreen_Generation = YES;
				INFOPLIST_KEY_UISupportedInterfaceOrientations_iPad = "UIInterfaceOrientationPortrait UIInterfaceOrientationPortraitUpsideDown UIInterfaceOrientationLandscapeLeft UIInterfaceOrientationLandscapeRight";
				INFOPLIST_KEY_UISupportedInterfaceOrientations_iPhone = "UIInterfaceOrientationPortrait UIInterfaceOrientationLandscapeLeft UIInterfaceOrientationLandscapeRight";
				LD_RUNPATH_SEARCH_PATHS = (
					"$(inherited)",
					"@executable_path/Frameworks",
				);
				MARKETING_VERSION = 1.0;
				PRODUCT_BUNDLE_IDENTIFIER = Dann.BrastlewarkApp;
				PRODUCT_NAME = "$(TARGET_NAME)";
				SWIFT_EMIT_LOC_STRINGS = YES;
				SWIFT_VERSION = 5.0;
				TARGETED_DEVICE_FAMILY = "1,2";
			};
			name = Debug;
		};
		B16FC93E2BF7F83600C227A5 /* Release */ = {
			isa = XCBuildConfiguration;
			buildSettings = {
				ASSETCATALOG_COMPILER_APPICON_NAME = AppIcon;
				ASSETCATALOG_COMPILER_GLOBAL_ACCENT_COLOR_NAME = AccentColor;
				CODE_SIGN_STYLE = Automatic;
				CURRENT_PROJECT_VERSION = 1;
				DEVELOPMENT_ASSET_PATHS = "\"BrastlewarkApp/Preview Content\"";
				DEVELOPMENT_TEAM = Y58F24X2VN;
				ENABLE_PREVIEWS = YES;
				GENERATE_INFOPLIST_FILE = YES;
				INFOPLIST_KEY_UIApplicationSceneManifest_Generation = YES;
				INFOPLIST_KEY_UIApplicationSupportsIndirectInputEvents = YES;
				INFOPLIST_KEY_UILaunchScreen_Generation = YES;
				INFOPLIST_KEY_UISupportedInterfaceOrientations_iPad = "UIInterfaceOrientationPortrait UIInterfaceOrientationPortraitUpsideDown UIInterfaceOrientationLandscapeLeft UIInterfaceOrientationLandscapeRight";
				INFOPLIST_KEY_UISupportedInterfaceOrientations_iPhone = "UIInterfaceOrientationPortrait UIInterfaceOrientationLandscapeLeft UIInterfaceOrientationLandscapeRight";
				LD_RUNPATH_SEARCH_PATHS = (
					"$(inherited)",
					"@executable_path/Frameworks",
				);
				MARKETING_VERSION = 1.0;
				PRODUCT_BUNDLE_IDENTIFIER = Dann.BrastlewarkApp;
				PRODUCT_NAME = "$(TARGET_NAME)";
				SWIFT_EMIT_LOC_STRINGS = YES;
				SWIFT_VERSION = 5.0;
				TARGETED_DEVICE_FAMILY = "1,2";
			};
			name = Release;
		};
/* End XCBuildConfiguration section */

/* Begin XCConfigurationList section */
		B16FC9292BF7F83400C227A5 /* Build configuration list for PBXProject "BrastlewarkApp" */ = {
			isa = XCConfigurationList;
			buildConfigurations = (
				B16FC93A2BF7F83600C227A5 /* Debug */,
				B16FC93B2BF7F83600C227A5 /* Release */,
			);
			defaultConfigurationIsVisible = 0;
			defaultConfigurationName = Release;
		};
		B16FC93C2BF7F83600C227A5 /* Build configuration list for PBXNativeTarget "BrastlewarkApp" */ = {
			isa = XCConfigurationList;
			buildConfigurations = (
				B16FC93D2BF7F83600C227A5 /* Debug */,
				B16FC93E2BF7F83600C227A5 /* Release */,
			);
			defaultConfigurationIsVisible = 0;
			defaultConfigurationName = Release;
		};
/* End XCConfigurationList section */

/* Begin XCRemoteSwiftPackageReference section */
		B16FC9502BF93C5600C227A5 /* XCRemoteSwiftPackageReference "KINGFISHER" */ = {
			isa = XCRemoteSwiftPackageReference;
			repositoryURL = "https://github.com/ONEVCAT/KINGFISHER";
			requirement = {
				kind = upToNextMajorVersion;
				minimumVersion = 7.11.0;
			};
		};
/* End XCRemoteSwiftPackageReference section */

/* Begin XCSwiftPackageProductDependency section */
		B16FC9512BF93C5600C227A5 /* Kingfisher */ = {
			isa = XCSwiftPackageProductDependency;
			package = B16FC9502BF93C5600C227A5 /* XCRemoteSwiftPackageReference "KINGFISHER" */;
			productName = Kingfisher;
		};
/* End XCSwiftPackageProductDependency section */
	};
	rootObject = B16FC9262BF7F83400C227A5 /* Project object */;
}
